
Microsoft Visual Studio Solution File, Format Version 12.00
# Visual Studio 15
VisualStudioVersion = 15.0.28307.271
MinimumVisualStudioVersion = 10.0.40219.1
Project("{9A19103F-16F7-4668-BE54-9A1E7A4F7556}") = "ConferenceModels", "ConferenceModels\ConferenceModels.csproj", "{A03B0970-7B54-4EC7-994B-6E7CF504334E}"
EndProject
Project("{FAE04EC0-301F-11D3-BF4B-00C04F79EFBC}") = "Conference", "Conference\Conference.csproj", "{3A986017-6D24-4CBD-9ECA-B4853849E1AC}"
EndProject
Project("{9A19103F-16F7-4668-BE54-9A1E7A4F7556}") = "ConferenceServices", "ConferenceServices\ConferenceServices.csproj", "{B5991969-481A-44B5-B55F-8EA9BA18DCCB}"
EndProject
Project("{9A19103F-16F7-4668-BE54-9A1E7A4F7556}") = "ConferenceRepos", "ConferenceRepos\ConferenceRepos.csproj", "{DAF954E9-3506-4FE4-B026-D8D90514E629}"
EndProject
Project("{FAE04EC0-301F-11D3-BF4B-00C04F79EFBC}") = "ConferenceInterfaces", "ConferenceInterfaces\ConferenceInterfaces.csproj", "{390F59A9-1AE9-4F72-A34D-F067A7805D5B}"
EndProject
Project("{FAE04EC0-301F-11D3-BF4B-00C04F79EFBC}") = "ConferenceUtils", "ConferenceUtils\ConferenceUtils.csproj", "{C7F84633-8F51-4148-B735-FABDDBC58275}"
EndProject
Global
	GlobalSection(SolutionConfigurationPlatforms) = preSolution
		Debug|Any CPU = Debug|Any CPU
		Release|Any CPU = Release|Any CPU
	EndGlobalSection
	GlobalSection(ProjectConfigurationPlatforms) = postSolution
		{A03B0970-7B54-4EC7-994B-6E7CF504334E}.Debug|Any CPU.ActiveCfg = Debug|Any CPU
		{A03B0970-7B54-4EC7-994B-6E7CF504334E}.Debug|Any CPU.Build.0 = Debug|Any CPU
		{A03B0970-7B54-4EC7-994B-6E7CF504334E}.Release|Any CPU.ActiveCfg = Release|Any CPU
		{A03B0970-7B54-4EC7-994B-6E7CF504334E}.Release|Any CPU.Build.0 = Release|Any CPU
		{3A986017-6D24-4CBD-9ECA-B4853849E1AC}.Debug|Any CPU.ActiveCfg = Debug|Any CPU
		{3A986017-6D24-4CBD-9ECA-B4853849E1AC}.Debug|Any CPU.Build.0 = Debug|Any CPU
		{3A986017-6D24-4CBD-9ECA-B4853849E1AC}.Release|Any CPU.ActiveCfg = Release|Any CPU
		{3A986017-6D24-4CBD-9ECA-B4853849E1AC}.Release|Any CPU.Build.0 = Release|Any CPU
		{B5991969-481A-44B5-B55F-8EA9BA18DCCB}.Debug|Any CPU.ActiveCfg = Debug|Any CPU
		{B5991969-481A-44B5-B55F-8EA9BA18DCCB}.Debug|Any CPU.Build.0 = Debug|Any CPU
		{B5991969-481A-44B5-B55F-8EA9BA18DCCB}.Release|Any CPU.ActiveCfg = Release|Any CPU
		{B5991969-481A-44B5-B55F-8EA9BA18DCCB}.Release|Any CPU.Build.0 = Release|Any CPU
		{DAF954E9-3506-4FE4-B026-D8D90514E629}.Debug|Any CPU.ActiveCfg = Debug|Any CPU
		{DAF954E9-3506-4FE4-B026-D8D90514E629}.Debug|Any CPU.Build.0 = Debug|Any CPU
		{DAF954E9-3506-4FE4-B026-D8D90514E629}.Release|Any CPU.ActiveCfg = Release|Any CPU
		{DAF954E9-3506-4FE4-B026-D8D90514E629}.Release|Any CPU.Build.0 = Release|Any CPU
		{390F59A9-1AE9-4F72-A34D-F067A7805D5B}.Debug|Any CPU.ActiveCfg = Debug|Any CPU
		{390F59A9-1AE9-4F72-A34D-F067A7805D5B}.Debug|Any CPU.Build.0 = Debug|Any CPU
		{390F59A9-1AE9-4F72-A34D-F067A7805D5B}.Release|Any CPU.ActiveCfg = Release|Any CPU
		{390F59A9-1AE9-4F72-A34D-F067A7805D5B}.Release|Any CPU.Build.0 = Release|Any CPU
		{C7F84633-8F51-4148-B735-FABDDBC58275}.Debug|Any CPU.ActiveCfg = Debug|Any CPU
		{C7F84633-8F51-4148-B735-FABDDBC58275}.Debug|Any CPU.Build.0 = Debug|Any CPU
		{C7F84633-8F51-4148-B735-FABDDBC58275}.Release|Any CPU.ActiveCfg = Release|Any CPU
		{C7F84633-8F51-4148-B735-FABDDBC58275}.Release|Any CPU.Build.0 = Release|Any CPU
	EndGlobalSection
	GlobalSection(SolutionProperties) = preSolution
		HideSolutionNode = FALSE
	EndGlobalSection
	GlobalSection(ExtensibilityGlobals) = postSolution
		SolutionGuid = {6ADE0696-9EBA-4B78-A3A7-6C20E4FDE7AE}
	EndGlobalSection
EndGlobal
